
Microsoft Visual Studio Solution File, Format Version 12.00
# Visual Studio Version 17
VisualStudioVersion = 17.13.35931.197 d17.13
MinimumVisualStudioVersion = 10.0.40219.1
Project("{FAE04EC0-301F-11D3-BF4B-00C04F79EFBC}") = "IDF_Oporation", "IDF_Oporation\IDF_Oporation.csproj", "{08CE8393-3EE7-4CDC-9021-3A6C97397C0D}"
EndProject
Global
	GlobalSection(SolutionConfigurationPlatforms) = preSolution
		Debug|Any CPU = Debug|Any CPU
		Release|Any CPU = Release|Any CPU
	EndGlobalSection
	GlobalSection(ProjectConfigurationPlatforms) = postSolution
		{08CE8393-3EE7-4CDC-9021-3A6C97397C0D}.Debug|Any CPU.ActiveCfg = Debug|Any CPU
		{08CE8393-3EE7-4CDC-9021-3A6C97397C0D}.Debug|Any CPU.Build.0 = Debug|Any CPU
		{08CE8393-3EE7-4CDC-9021-3A6C97397C0D}.Release|Any CPU.ActiveCfg = Release|Any CPU
		{08CE8393-3EE7-4CDC-9021-3A6C97397C0D}.Release|Any CPU.Build.0 = Release|Any CPU
	EndGlobalSection
	GlobalSection(SolutionProperties) = preSolution
		HideSolutionNode = FALSE
	EndGlobalSection
	GlobalSection(ExtensibilityGlobals) = postSolution
		SolutionGuid = {18B1C531-27EF-4F6B-937F-004BC1D8630B}
	EndGlobalSection
EndGlobal
